{
  "name": "mumtaz-website",
  "version": "1.0.0",
  "lockfileVersion": 2,
  "requires": true,
  "packages": {
    "": {
      "name": "mumtaz-website",
      "version": "1.0.0",
      "license": "ISC",
      "dependencies": {
        "typeit": "^8.6.6"
      }
    },
    "node_modules/typeit": {
      "version": "8.6.6",
      "resolved": "https://registry.npmjs.org/typeit/-/typeit-8.6.6.tgz",
      "integrity": "sha512-fwHZsobo8bDjOmZrbs0LMK6UyK/cfLudU3kdNBRmiRUPUxblIVN8snpaypgKZpRBd/m0KeN2knBm9SVCvmkI0Q==",
      "hasInstallScript": true
    }
  },
  "dependencies": {
    "typeit": {
      "version": "8.6.6",
      "resolved": "https://registry.npmjs.org/typeit/-/typeit-8.6.6.tgz",
      "integrity": "sha512-fwHZsobo8bDjOmZrbs0LMK6UyK/cfLudU3kdNBRmiRUPUxblIVN8snpaypgKZpRBd/m0KeN2knBm9SVCvmkI0Q=="
    }
  }
}
